
Microsoft Visual Studio Solution File, Format Version 12.00
# Visual Studio Version 17
VisualStudioVersion = 17.5.33530.505
MinimumVisualStudioVersion = 10.0.40219.1
Project("{FAE04EC0-301F-11D3-BF4B-00C04F79EFBC}") = "HeroesVsMonster", "HeroesVsMonster.csproj", "{59BDBC7B-A5E0-4045-B315-CD25152A8C90}"
EndProject
Global
	GlobalSection(SolutionConfigurationPlatforms) = preSolution
		Debug|Any CPU = Debug|Any CPU
		Release|Any CPU = Release|Any CPU
	EndGlobalSection
	GlobalSection(ProjectConfigurationPlatforms) = postSolution
		{59BDBC7B-A5E0-4045-B315-CD25152A8C90}.Debug|Any CPU.ActiveCfg = Debug|Any CPU
		{59BDBC7B-A5E0-4045-B315-CD25152A8C90}.Debug|Any CPU.Build.0 = Debug|Any CPU
		{59BDBC7B-A5E0-4045-B315-CD25152A8C90}.Release|Any CPU.ActiveCfg = Release|Any CPU
		{59BDBC7B-A5E0-4045-B315-CD25152A8C90}.Release|Any CPU.Build.0 = Release|Any CPU
	EndGlobalSection
	GlobalSection(SolutionProperties) = preSolution
		HideSolutionNode = FALSE
	EndGlobalSection
	GlobalSection(ExtensibilityGlobals) = postSolution
		SolutionGuid = {5EC84107-10C1-4D29-8FE7-EAE65B4585AE}
	EndGlobalSection
EndGlobal
